
Microsoft Visual Studio Solution File, Format Version 12.00
# Visual Studio 2013
VisualStudioVersion = 12.0.40629.0
MinimumVisualStudioVersion = 10.0.40219.1
Project("{FAE04EC0-301F-11D3-BF4B-00C04F79EFBC}") = "trumvn.Portal.WebApi", "trumvn.Portal\trumvn.Portal.WebApi.csproj", "{EBD1A7BD-3C23-4B4C-A8AA-87CDA63FD22D}"
EndProject
Project("{FAE04EC0-301F-11D3-BF4B-00C04F79EFBC}") = "trumvn.Portal.Tests", "trumvn.Portal.Tests\trumvn.Portal.Tests.csproj", "{735FB566-E6F0-44D5-A667-7EC3CC8B28DA}"
EndProject
Project("{FAE04EC0-301F-11D3-BF4B-00C04F79EFBC}") = "Trumvn.Base", "..\WebPublic\Trumvn.Base\Trumvn.Base.csproj", "{2204D1A5-B8AB-4862-9EC4-151A9510DFCA}"
EndProject
Project("{FAE04EC0-301F-11D3-BF4B-00C04F79EFBC}") = "Trumvn.Commons", "..\WebPublic\Trumvn.Commons\Trumvn.Commons.csproj", "{B19A1E5E-6C5D-42A7-8384-5F3306D97766}"
EndProject
Project("{FAE04EC0-301F-11D3-BF4B-00C04F79EFBC}") = "trumvn.Portal.WebApp", "trumvn.Portal.WebApp\trumvn.Portal.WebApp.csproj", "{F7BAE02B-44A1-4DE5-A789-896814657E24}"
EndProject
Global
	GlobalSection(SolutionConfigurationPlatforms) = preSolution
		Debug|Any CPU = Debug|Any CPU
		Release|Any CPU = Release|Any CPU
	EndGlobalSection
	GlobalSection(ProjectConfigurationPlatforms) = postSolution
		{EBD1A7BD-3C23-4B4C-A8AA-87CDA63FD22D}.Debug|Any CPU.ActiveCfg = Debug|Any CPU
		{EBD1A7BD-3C23-4B4C-A8AA-87CDA63FD22D}.Debug|Any CPU.Build.0 = Debug|Any CPU
		{EBD1A7BD-3C23-4B4C-A8AA-87CDA63FD22D}.Release|Any CPU.ActiveCfg = Release|Any CPU
		{EBD1A7BD-3C23-4B4C-A8AA-87CDA63FD22D}.Release|Any CPU.Build.0 = Release|Any CPU
		{735FB566-E6F0-44D5-A667-7EC3CC8B28DA}.Debug|Any CPU.ActiveCfg = Debug|Any CPU
		{735FB566-E6F0-44D5-A667-7EC3CC8B28DA}.Debug|Any CPU.Build.0 = Debug|Any CPU
		{735FB566-E6F0-44D5-A667-7EC3CC8B28DA}.Release|Any CPU.ActiveCfg = Release|Any CPU
		{735FB566-E6F0-44D5-A667-7EC3CC8B28DA}.Release|Any CPU.Build.0 = Release|Any CPU
		{2204D1A5-B8AB-4862-9EC4-151A9510DFCA}.Debug|Any CPU.ActiveCfg = Debug|Any CPU
		{2204D1A5-B8AB-4862-9EC4-151A9510DFCA}.Debug|Any CPU.Build.0 = Debug|Any CPU
		{2204D1A5-B8AB-4862-9EC4-151A9510DFCA}.Release|Any CPU.ActiveCfg = Release|Any CPU
		{2204D1A5-B8AB-4862-9EC4-151A9510DFCA}.Release|Any CPU.Build.0 = Release|Any CPU
		{B19A1E5E-6C5D-42A7-8384-5F3306D97766}.Debug|Any CPU.ActiveCfg = Debug|Any CPU
		{B19A1E5E-6C5D-42A7-8384-5F3306D97766}.Debug|Any CPU.Build.0 = Debug|Any CPU
		{B19A1E5E-6C5D-42A7-8384-5F3306D97766}.Release|Any CPU.ActiveCfg = Release|Any CPU
		{B19A1E5E-6C5D-42A7-8384-5F3306D97766}.Release|Any CPU.Build.0 = Release|Any CPU
		{F7BAE02B-44A1-4DE5-A789-896814657E24}.Debug|Any CPU.ActiveCfg = Debug|Any CPU
		{F7BAE02B-44A1-4DE5-A789-896814657E24}.Debug|Any CPU.Build.0 = Debug|Any CPU
		{F7BAE02B-44A1-4DE5-A789-896814657E24}.Release|Any CPU.ActiveCfg = Release|Any CPU
		{F7BAE02B-44A1-4DE5-A789-896814657E24}.Release|Any CPU.Build.0 = Release|Any CPU
	EndGlobalSection
	GlobalSection(SolutionProperties) = preSolution
		HideSolutionNode = FALSE
	EndGlobalSection
EndGlobal
